
Microsoft Visual Studio Solution File, Format Version 12.00
# Visual Studio Version 17
VisualStudioVersion = 17.11.35327.3
MinimumVisualStudioVersion = 10.0.40219.1
Project("{9A19103F-16F7-4668-BE54-9A1E7A4F7556}") = "App01", "App01\App01.csproj", "{684BB3D6-909A-46B9-B476-EAD978DCB2FD}"
EndProject
Project("{9A19103F-16F7-4668-BE54-9A1E7A4F7556}") = "App02", "App02\App02.csproj", "{F8BAB5E6-FA40-4379-B31C-6C430518B732}"
EndProject
Project("{9A19103F-16F7-4668-BE54-9A1E7A4F7556}") = "App03", "App03\App03.csproj", "{C5DB753C-D169-4B03-8AE9-731495360D44}"
EndProject
Project("{9A19103F-16F7-4668-BE54-9A1E7A4F7556}") = "App04", "App04\App04.csproj", "{712FBDB2-2020-4CC9-BE51-24029C926BEF}"
EndProject
Project("{9A19103F-16F7-4668-BE54-9A1E7A4F7556}") = "App05", "App05\App05.csproj", "{2039EE0E-E7E0-4920-BAE9-6A9AE895C917}"
EndProject
Project("{9A19103F-16F7-4668-BE54-9A1E7A4F7556}") = "App06", "App06\App06.csproj", "{4B106E46-A49F-4F67-AEA2-FE652AD7F7B2}"
EndProject
Project("{9A19103F-16F7-4668-BE54-9A1E7A4F7556}") = "App07", "App07\App07.csproj", "{ADE67CE7-B96C-48D6-BE9E-9BCC82BC5B13}"
EndProject
Project("{9A19103F-16F7-4668-BE54-9A1E7A4F7556}") = "App08", "App08\App08.csproj", "{D933CCC2-EEB1-4F09-BE79-714A1050BF01}"
EndProject
Project("{9A19103F-16F7-4668-BE54-9A1E7A4F7556}") = "App09", "App09\App09.csproj", "{13C82652-ADF8-4E20-AA7E-974B2D96CECC}"
EndProject
Project("{9A19103F-16F7-4668-BE54-9A1E7A4F7556}") = "App10", "App10\App10.csproj", "{27CA0BB5-9B75-4F94-A245-6AEDBE2AF932}"
EndProject
Project("{9A19103F-16F7-4668-BE54-9A1E7A4F7556}") = "App11", "App11\App11.csproj", "{0F0D7B4A-DD62-4B6C-8DAA-7B2EE85A9E16}"
EndProject
Project("{9A19103F-16F7-4668-BE54-9A1E7A4F7556}") = "App12", "App12\App12.csproj", "{0F0B71B4-B2D8-4DA3-BE9E-6AD41C14FCE2}"
EndProject
Project("{9A19103F-16F7-4668-BE54-9A1E7A4F7556}") = "App13", "App13\App13.csproj", "{AA41C2E5-C408-4ADC-AC37-4A579CFF193C}"
EndProject
Project("{9A19103F-16F7-4668-BE54-9A1E7A4F7556}") = "App14", "App14\App14.csproj", "{7E1DF78E-252D-4B04-8C18-723CFEBD4B35}"
EndProject
Project("{9A19103F-16F7-4668-BE54-9A1E7A4F7556}") = "ApplicationController", "ApplicationController\ApplicationController.csproj", "{D5FCE8B2-BA4A-4683-92AA-F001FC46D111}"
EndProject
Project("{9A19103F-16F7-4668-BE54-9A1E7A4F7556}") = "ItSchool.AppUtilities", "ItSchool.AppUtilities\ItSchool.AppUtilities.csproj", "{CDCB4B8D-FA00-4F42-8EB5-7A2D817E48B9}"
EndProject
Project("{9A19103F-16F7-4668-BE54-9A1E7A4F7556}") = "App15", "App15\App15.csproj", "{7D6AA589-134D-4EFA-BABB-4CD33C625F78}"
EndProject
Project("{9A19103F-16F7-4668-BE54-9A1E7A4F7556}") = "App16", "App16\App16.csproj", "{F3664720-EFD9-4538-9662-347AFD53C0DC}"
EndProject
Project("{FAE04EC0-301F-11D3-BF4B-00C04F79EFBC}") = "App18", "App18\App18.csproj", "{BCC38EF2-0988-4774-926A-E6B2903BE62F}"
EndProject
Global
	GlobalSection(SolutionConfigurationPlatforms) = preSolution
		Debug|Any CPU = Debug|Any CPU
		Release|Any CPU = Release|Any CPU
	EndGlobalSection
	GlobalSection(ProjectConfigurationPlatforms) = postSolution
		{684BB3D6-909A-46B9-B476-EAD978DCB2FD}.Debug|Any CPU.ActiveCfg = Debug|Any CPU
		{684BB3D6-909A-46B9-B476-EAD978DCB2FD}.Debug|Any CPU.Build.0 = Debug|Any CPU
		{684BB3D6-909A-46B9-B476-EAD978DCB2FD}.Release|Any CPU.ActiveCfg = Release|Any CPU
		{684BB3D6-909A-46B9-B476-EAD978DCB2FD}.Release|Any CPU.Build.0 = Release|Any CPU
		{F8BAB5E6-FA40-4379-B31C-6C430518B732}.Debug|Any CPU.ActiveCfg = Debug|Any CPU
		{F8BAB5E6-FA40-4379-B31C-6C430518B732}.Debug|Any CPU.Build.0 = Debug|Any CPU
		{F8BAB5E6-FA40-4379-B31C-6C430518B732}.Release|Any CPU.ActiveCfg = Release|Any CPU
		{F8BAB5E6-FA40-4379-B31C-6C430518B732}.Release|Any CPU.Build.0 = Release|Any CPU
		{C5DB753C-D169-4B03-8AE9-731495360D44}.Debug|Any CPU.ActiveCfg = Debug|Any CPU
		{C5DB753C-D169-4B03-8AE9-731495360D44}.Debug|Any CPU.Build.0 = Debug|Any CPU
		{C5DB753C-D169-4B03-8AE9-731495360D44}.Release|Any CPU.ActiveCfg = Release|Any CPU
		{C5DB753C-D169-4B03-8AE9-731495360D44}.Release|Any CPU.Build.0 = Release|Any CPU
		{712FBDB2-2020-4CC9-BE51-24029C926BEF}.Debug|Any CPU.ActiveCfg = Debug|Any CPU
		{712FBDB2-2020-4CC9-BE51-24029C926BEF}.Debug|Any CPU.Build.0 = Debug|Any CPU
		{712FBDB2-2020-4CC9-BE51-24029C926BEF}.Release|Any CPU.ActiveCfg = Release|Any CPU
		{712FBDB2-2020-4CC9-BE51-24029C926BEF}.Release|Any CPU.Build.0 = Release|Any CPU
		{2039EE0E-E7E0-4920-BAE9-6A9AE895C917}.Debug|Any CPU.ActiveCfg = Debug|Any CPU
		{2039EE0E-E7E0-4920-BAE9-6A9AE895C917}.Debug|Any CPU.Build.0 = Debug|Any CPU
		{2039EE0E-E7E0-4920-BAE9-6A9AE895C917}.Release|Any CPU.ActiveCfg = Release|Any CPU
		{2039EE0E-E7E0-4920-BAE9-6A9AE895C917}.Release|Any CPU.Build.0 = Release|Any CPU
		{4B106E46-A49F-4F67-AEA2-FE652AD7F7B2}.Debug|Any CPU.ActiveCfg = Debug|Any CPU
		{4B106E46-A49F-4F67-AEA2-FE652AD7F7B2}.Debug|Any CPU.Build.0 = Debug|Any CPU
		{4B106E46-A49F-4F67-AEA2-FE652AD7F7B2}.Release|Any CPU.ActiveCfg = Release|Any CPU
		{4B106E46-A49F-4F67-AEA2-FE652AD7F7B2}.Release|Any CPU.Build.0 = Release|Any CPU
		{ADE67CE7-B96C-48D6-BE9E-9BCC82BC5B13}.Debug|Any CPU.ActiveCfg = Debug|Any CPU
		{ADE67CE7-B96C-48D6-BE9E-9BCC82BC5B13}.Debug|Any CPU.Build.0 = Debug|Any CPU
		{ADE67CE7-B96C-48D6-BE9E-9BCC82BC5B13}.Release|Any CPU.ActiveCfg = Release|Any CPU
		{ADE67CE7-B96C-48D6-BE9E-9BCC82BC5B13}.Release|Any CPU.Build.0 = Release|Any CPU
		{D933CCC2-EEB1-4F09-BE79-714A1050BF01}.Debug|Any CPU.ActiveCfg = Debug|Any CPU
		{D933CCC2-EEB1-4F09-BE79-714A1050BF01}.Debug|Any CPU.Build.0 = Debug|Any CPU
		{D933CCC2-EEB1-4F09-BE79-714A1050BF01}.Release|Any CPU.ActiveCfg = Release|Any CPU
		{D933CCC2-EEB1-4F09-BE79-714A1050BF01}.Release|Any CPU.Build.0 = Release|Any CPU
		{13C82652-ADF8-4E20-AA7E-974B2D96CECC}.Debug|Any CPU.ActiveCfg = Debug|Any CPU
		{13C82652-ADF8-4E20-AA7E-974B2D96CECC}.Debug|Any CPU.Build.0 = Debug|Any CPU
		{13C82652-ADF8-4E20-AA7E-974B2D96CECC}.Release|Any CPU.ActiveCfg = Release|Any CPU
		{13C82652-ADF8-4E20-AA7E-974B2D96CECC}.Release|Any CPU.Build.0 = Release|Any CPU
		{27CA0BB5-9B75-4F94-A245-6AEDBE2AF932}.Debug|Any CPU.ActiveCfg = Debug|Any CPU
		{27CA0BB5-9B75-4F94-A245-6AEDBE2AF932}.Debug|Any CPU.Build.0 = Debug|Any CPU
		{27CA0BB5-9B75-4F94-A245-6AEDBE2AF932}.Release|Any CPU.ActiveCfg = Release|Any CPU
		{27CA0BB5-9B75-4F94-A245-6AEDBE2AF932}.Release|Any CPU.Build.0 = Release|Any CPU
		{0F0D7B4A-DD62-4B6C-8DAA-7B2EE85A9E16}.Debug|Any CPU.ActiveCfg = Debug|Any CPU
		{0F0D7B4A-DD62-4B6C-8DAA-7B2EE85A9E16}.Debug|Any CPU.Build.0 = Debug|Any CPU
		{0F0D7B4A-DD62-4B6C-8DAA-7B2EE85A9E16}.Release|Any CPU.ActiveCfg = Release|Any CPU
		{0F0D7B4A-DD62-4B6C-8DAA-7B2EE85A9E16}.Release|Any CPU.Build.0 = Release|Any CPU
		{0F0B71B4-B2D8-4DA3-BE9E-6AD41C14FCE2}.Debug|Any CPU.ActiveCfg = Debug|Any CPU
		{0F0B71B4-B2D8-4DA3-BE9E-6AD41C14FCE2}.Debug|Any CPU.Build.0 = Debug|Any CPU
		{0F0B71B4-B2D8-4DA3-BE9E-6AD41C14FCE2}.Release|Any CPU.ActiveCfg = Release|Any CPU
		{0F0B71B4-B2D8-4DA3-BE9E-6AD41C14FCE2}.Release|Any CPU.Build.0 = Release|Any CPU
		{AA41C2E5-C408-4ADC-AC37-4A579CFF193C}.Debug|Any CPU.ActiveCfg = Debug|Any CPU
		{AA41C2E5-C408-4ADC-AC37-4A579CFF193C}.Debug|Any CPU.Build.0 = Debug|Any CPU
		{AA41C2E5-C408-4ADC-AC37-4A579CFF193C}.Release|Any CPU.ActiveCfg = Release|Any CPU
		{AA41C2E5-C408-4ADC-AC37-4A579CFF193C}.Release|Any CPU.Build.0 = Release|Any CPU
		{7E1DF78E-252D-4B04-8C18-723CFEBD4B35}.Debug|Any CPU.ActiveCfg = Debug|Any CPU
		{7E1DF78E-252D-4B04-8C18-723CFEBD4B35}.Debug|Any CPU.Build.0 = Debug|Any CPU
		{7E1DF78E-252D-4B04-8C18-723CFEBD4B35}.Release|Any CPU.ActiveCfg = Release|Any CPU
		{7E1DF78E-252D-4B04-8C18-723CFEBD4B35}.Release|Any CPU.Build.0 = Release|Any CPU
		{D5FCE8B2-BA4A-4683-92AA-F001FC46D111}.Debug|Any CPU.ActiveCfg = Debug|Any CPU
		{D5FCE8B2-BA4A-4683-92AA-F001FC46D111}.Debug|Any CPU.Build.0 = Debug|Any CPU
		{D5FCE8B2-BA4A-4683-92AA-F001FC46D111}.Release|Any CPU.ActiveCfg = Release|Any CPU
		{D5FCE8B2-BA4A-4683-92AA-F001FC46D111}.Release|Any CPU.Build.0 = Release|Any CPU
		{CDCB4B8D-FA00-4F42-8EB5-7A2D817E48B9}.Debug|Any CPU.ActiveCfg = Debug|Any CPU
		{CDCB4B8D-FA00-4F42-8EB5-7A2D817E48B9}.Debug|Any CPU.Build.0 = Debug|Any CPU
		{CDCB4B8D-FA00-4F42-8EB5-7A2D817E48B9}.Release|Any CPU.ActiveCfg = Release|Any CPU
		{CDCB4B8D-FA00-4F42-8EB5-7A2D817E48B9}.Release|Any CPU.Build.0 = Release|Any CPU
		{7D6AA589-134D-4EFA-BABB-4CD33C625F78}.Debug|Any CPU.ActiveCfg = Debug|Any CPU
		{7D6AA589-134D-4EFA-BABB-4CD33C625F78}.Debug|Any CPU.Build.0 = Debug|Any CPU
		{7D6AA589-134D-4EFA-BABB-4CD33C625F78}.Release|Any CPU.ActiveCfg = Release|Any CPU
		{7D6AA589-134D-4EFA-BABB-4CD33C625F78}.Release|Any CPU.Build.0 = Release|Any CPU
		{F3664720-EFD9-4538-9662-347AFD53C0DC}.Debug|Any CPU.ActiveCfg = Debug|Any CPU
		{F3664720-EFD9-4538-9662-347AFD53C0DC}.Debug|Any CPU.Build.0 = Debug|Any CPU
		{F3664720-EFD9-4538-9662-347AFD53C0DC}.Release|Any CPU.ActiveCfg = Release|Any CPU
		{F3664720-EFD9-4538-9662-347AFD53C0DC}.Release|Any CPU.Build.0 = Release|Any CPU
		{BCC38EF2-0988-4774-926A-E6B2903BE62F}.Debug|Any CPU.ActiveCfg = Debug|Any CPU
		{BCC38EF2-0988-4774-926A-E6B2903BE62F}.Debug|Any CPU.Build.0 = Debug|Any CPU
		{BCC38EF2-0988-4774-926A-E6B2903BE62F}.Release|Any CPU.ActiveCfg = Release|Any CPU
		{BCC38EF2-0988-4774-926A-E6B2903BE62F}.Release|Any CPU.Build.0 = Release|Any CPU
	EndGlobalSection
	GlobalSection(SolutionProperties) = preSolution
		HideSolutionNode = FALSE
	EndGlobalSection
	GlobalSection(ExtensibilityGlobals) = postSolution
		SolutionGuid = {8FE0250E-95B2-4F00-8429-B1E72EA1841B}
	EndGlobalSection
EndGlobal
